
Microsoft Visual Studio Solution File, Format Version 12.00
# Visual Studio 2015
Project("{FAE04EC0-301F-11D3-BF4B-00C04F79EFBC}") = "TowerDefenseAI.Plugins", "TowerDefenseAI.Plugins.csproj", "{793FD2DF-ABBC-4030-2F33-D3ECDD532DAC}"
EndProject
Project("{FAE04EC0-301F-11D3-BF4B-00C04F79EFBC}") = "TowerDefenseAI", "TowerDefenseAI.csproj", "{9DD8E93B-F53C-C8BF-FF84-8ECFCB74354F}"
EndProject
Project("{FAE04EC0-301F-11D3-BF4B-00C04F79EFBC}") = "TowerDefenseAI.Editor", "TowerDefenseAI.Editor.csproj", "{D59B6B2A-FECF-1B9C-EAAA-56162C619D95}"
EndProject
Global
	GlobalSection(SolutionConfigurationPlatforms) = preSolution
		Debug|Any CPU = Debug|Any CPU
		Release|Any CPU = Release|Any CPU
	EndGlobalSection
	GlobalSection(ProjectConfigurationPlatforms) = postSolution
		{793FD2DF-ABBC-4030-2F33-D3ECDD532DAC}.Debug|Any CPU.ActiveCfg = Debug|Any CPU
		{793FD2DF-ABBC-4030-2F33-D3ECDD532DAC}.Debug|Any CPU.Build.0 = Debug|Any CPU
		{793FD2DF-ABBC-4030-2F33-D3ECDD532DAC}.Release|Any CPU.ActiveCfg = Release|Any CPU
		{793FD2DF-ABBC-4030-2F33-D3ECDD532DAC}.Release|Any CPU.Build.0 = Release|Any CPU
		{9DD8E93B-F53C-C8BF-FF84-8ECFCB74354F}.Debug|Any CPU.ActiveCfg = Debug|Any CPU
		{9DD8E93B-F53C-C8BF-FF84-8ECFCB74354F}.Debug|Any CPU.Build.0 = Debug|Any CPU
		{9DD8E93B-F53C-C8BF-FF84-8ECFCB74354F}.Release|Any CPU.ActiveCfg = Release|Any CPU
		{9DD8E93B-F53C-C8BF-FF84-8ECFCB74354F}.Release|Any CPU.Build.0 = Release|Any CPU
		{D59B6B2A-FECF-1B9C-EAAA-56162C619D95}.Debug|Any CPU.ActiveCfg = Debug|Any CPU
		{D59B6B2A-FECF-1B9C-EAAA-56162C619D95}.Debug|Any CPU.Build.0 = Debug|Any CPU
		{D59B6B2A-FECF-1B9C-EAAA-56162C619D95}.Release|Any CPU.ActiveCfg = Release|Any CPU
		{D59B6B2A-FECF-1B9C-EAAA-56162C619D95}.Release|Any CPU.Build.0 = Release|Any CPU
	EndGlobalSection
	GlobalSection(SolutionProperties) = preSolution
		HideSolutionNode = FALSE
	EndGlobalSection
EndGlobal
